// !$*UTF8*$!
{
	archiveVersion = 1;
	classes = {
	};
	objectVersion = 51;
	objects = {

/* Begin PBXBuildFile section */
		2158CAAC2476DCE900351455 /* CustomUIView.swift in Sources */ = {isa = PBXBuildFile; fileRef = 2158CAAB2476DCE900351455 /* CustomUIView.swift */; };
		2158CAAE2476E35000351455 /* Data.swift in Sources */ = {isa = PBXBuildFile; fileRef = 2158CAAD2476E35000351455 /* Data.swift */; };
		216C3AC2246C47A7006BC014 /* LiveReportsViewController.swift in Sources */ = {isa = PBXBuildFile; fileRef = 216C3AC1246C47A7006BC014 /* LiveReportsViewController.swift */; };
		21B31F6B246EF65E00F03075 /* LiveReportsTableViewCell.swift in Sources */ = {isa = PBXBuildFile; fileRef = 21B31F6A246EF65E00F03075 /* LiveReportsTableViewCell.swift */; };
		21FEA9A7246C31D800FA2BB5 /* AppDelegate.swift in Sources */ = {isa = PBXBuildFile; fileRef = 21FEA9A6246C31D800FA2BB5 /* AppDelegate.swift */; };
		21FEA9A9246C31D800FA2BB5 /* ViewController.swift in Sources */ = {isa = PBXBuildFile; fileRef = 21FEA9A8246C31D800FA2BB5 /* ViewController.swift */; };
		21FEA9AC246C31D800FA2BB5 /* Main.storyboard in Resources */ = {isa = PBXBuildFile; fileRef = 21FEA9AA246C31D800FA2BB5 /* Main.storyboard */; };
		21FEA9AE246C31DA00FA2BB5 /* Assets.xcassets in Resources */ = {isa = PBXBuildFile; fileRef = 21FEA9AD246C31DA00FA2BB5 /* Assets.xcassets */; };
		21FEA9B1246C31DA00FA2BB5 /* LaunchScreen.storyboard in Resources */ = {isa = PBXBuildFile; fileRef = 21FEA9AF246C31DA00FA2BB5 /* LaunchScreen.storyboard */; };
		4629772453C3BF251B4257BA /* Pods_Coronavirus_Tracking.framework in Frameworks */ = {isa = PBXBuildFile; fileRef = 047528683C81CA4EE8161225 /* Pods_Coronavirus_Tracking.framework */; };
/* End PBXBuildFile section */

/* Begin PBXFileReference section */
		047528683C81CA4EE8161225 /* Pods_Coronavirus_Tracking.framework */ = {isa = PBXFileReference; explicitFileType = wrapper.framework; includeInIndex = 0; path = Pods_Coronavirus_Tracking.framework; sourceTree = BUILT_PRODUCTS_DIR; };
		2158CAAB2476DCE900351455 /* CustomUIView.swift */ = {isa = PBXFileReference; lastKnownFileType = sourcecode.swift; path = CustomUIView.swift; sourceTree = "<group>"; };
		2158CAAD2476E35000351455 /* Data.swift */ = {isa = PBXFileReference; lastKnownFileType = sourcecode.swift; path = Data.swift; sourceTree = "<group>"; };
		216C3AC1246C47A7006BC014 /* LiveReportsViewController.swift */ = {isa = PBXFileReference; lastKnownFileType = sourcecode.swift; path = LiveReportsViewController.swift; sourceTree = "<group>"; };
		21B31F6A246EF65E00F03075 /* LiveReportsTableViewCell.swift */ = {isa = PBXFileReference; lastKnownFileType = sourcecode.swift; path = LiveReportsTableViewCell.swift; sourceTree = "<group>"; };
		21FEA9A3246C31D800FA2BB5 /* Coronavirus Tracking.app */ = {isa = PBXFileReference; explicitFileType = wrapper.application; includeInIndex = 0; path = "Coronavirus Tracking.app"; sourceTree = BUILT_PRODUCTS_DIR; };
		21FEA9A6246C31D800FA2BB5 /* AppDelegate.swift */ = {isa = PBXFileReference; lastKnownFileType = sourcecode.swift; path = AppDelegate.swift; sourceTree = "<group>"; };
		21FEA9A8246C31D800FA2BB5 /* ViewController.swift */ = {isa = PBXFileReference; lastKnownFileType = sourcecode.swift; path = ViewController.swift; sourceTree = "<group>"; };
		21FEA9AB246C31D800FA2BB5 /* Base */ = {isa = PBXFileReference; lastKnownFileType = file.storyboard; name = Base; path = Base.lproj/Main.storyboard; sourceTree = "<group>"; };
		21FEA9AD246C31DA00FA2BB5 /* Assets.xcassets */ = {isa = PBXFileReference; lastKnownFileType = folder.assetcatalog; path = Assets.xcassets; sourceTree = "<group>"; };
		21FEA9B0246C31DA00FA2BB5 /* Base */ = {isa = PBXFileReference; lastKnownFileType = file.storyboard; name = Base; path = Base.lproj/LaunchScreen.storyboard; sourceTree = "<group>"; };
		21FEA9B2246C31DA00FA2BB5 /* Info.plist */ = {isa = PBXFileReference; lastKnownFileType = text.plist.xml; path = Info.plist; sourceTree = "<group>"; };
		6F492992C6DFC0B210D226B1 /* Pods-Coronavirus Tracking.debug.xcconfig */ = {isa = PBXFileReference; includeInIndex = 1; lastKnownFileType = text.xcconfig; name = "Pods-Coronavirus Tracking.debug.xcconfig"; path = "Target Support Files/Pods-Coronavirus Tracking/Pods-Coronavirus Tracking.debug.xcconfig"; sourceTree = "<group>"; };
		BDF426AA1DCFAA4DFFBDD99D /* Pods-Coronavirus Tracking.release.xcconfig */ = {isa = PBXFileReference; includeInIndex = 1; lastKnownFileType = text.xcconfig; name = "Pods-Coronavirus Tracking.release.xcconfig"; path = "Target Support Files/Pods-Coronavirus Tracking/Pods-Coronavirus Tracking.release.xcconfig"; sourceTree = "<group>"; };
/* End PBXFileReference section */

/* Begin PBXFrameworksBuildPhase section */
		21FEA9A0246C31D800FA2BB5 /* Frameworks */ = {
			isa = PBXFrameworksBuildPhase;
			buildActionMask = 2147483647;
			files = (
				4629772453C3BF251B4257BA /* Pods_Coronavirus_Tracking.framework in Frameworks */,
			);
			runOnlyForDeploymentPostprocessing = 0;
		};
/* End PBXFrameworksBuildPhase section */

/* Begin PBXGroup section */
		1F07387A4D587027D08D486C /* Frameworks */ = {
			isa = PBXGroup;
			children = (
				047528683C81CA4EE8161225 /* Pods_Coronavirus_Tracking.framework */,
			);
			name = Frameworks;
			sourceTree = "<group>";
		};
		21FEA99A246C31D800FA2BB5 = {
			isa = PBXGroup;
			children = (
				21FEA9A5246C31D800FA2BB5 /* Coronavirus Tracking */,
				21FEA9A4246C31D800FA2BB5 /* Products */,
				BD2CE8FA7C31A60503246CB3 /* Pods */,
				1F07387A4D587027D08D486C /* Frameworks */,
			);
			sourceTree = "<group>";
		};
		21FEA9A4246C31D800FA2BB5 /* Products */ = {
			isa = PBXGroup;
			children = (
				21FEA9A3246C31D800FA2BB5 /* Coronavirus Tracking.app */,
			);
			name = Products;
			sourceTree = "<group>";
		};
		21FEA9A5246C31D800FA2BB5 /* Coronavirus Tracking */ = {
			isa = PBXGroup;
			children = (
				21FEA9A6246C31D800FA2BB5 /* AppDelegate.swift */,
				21FEA9A8246C31D800FA2BB5 /* ViewController.swift */,
				21FEA9AA246C31D800FA2BB5 /* Main.storyboard */,
				21FEA9AD246C31DA00FA2BB5 /* Assets.xcassets */,
				21FEA9AF246C31DA00FA2BB5 /* LaunchScreen.storyboard */,
				21FEA9B2246C31DA00FA2BB5 /* Info.plist */,
				216C3AC1246C47A7006BC014 /* LiveReportsViewController.swift */,
				21B31F6A246EF65E00F03075 /* LiveReportsTableViewCell.swift */,
				2158CAAB2476DCE900351455 /* CustomUIView.swift */,
				2158CAAD2476E35000351455 /* Data.swift */,
			);
			path = "Coronavirus Tracking";
			sourceTree = "<group>";
		};
		BD2CE8FA7C31A60503246CB3 /* Pods */ = {
			isa = PBXGroup;
			children = (
				6F492992C6DFC0B210D226B1 /* Pods-Coronavirus Tracking.debug.xcconfig */,
				BDF426AA1DCFAA4DFFBDD99D /* Pods-Coronavirus Tracking.release.xcconfig */,
			);
			path = Pods;
			sourceTree = "<group>";
		};
/* End PBXGroup section */

/* Begin PBXNativeTarget section */
		21FEA9A2246C31D800FA2BB5 /* Coronavirus Tracking */ = {
			isa = PBXNativeTarget;
			buildConfigurationList = 21FEA9B5246C31DA00FA2BB5 /* Build configuration list for PBXNativeTarget "Coronavirus Tracking" */;
			buildPhases = (
				EF1983A469A2D2F4BD65F8C6 /* [CP] Check Pods Manifest.lock */,
				21FEA99F246C31D800FA2BB5 /* Sources */,
				21FEA9A0246C31D800FA2BB5 /* Frameworks */,
				21FEA9A1246C31D800FA2BB5 /* Resources */,
				6365009B9C4A31DF61F572CD /* [CP] Embed Pods Frameworks */,
			);
			buildRules = (
			);
			dependencies = (
			);
			name = "Coronavirus Tracking";
			productName = "Coronavirus Tracking";
			productReference = 21FEA9A3246C31D800FA2BB5 /* Coronavirus Tracking.app */;
			productType = "com.apple.product-type.application";
		};
/* End PBXNativeTarget section */

/* Begin PBXProject section */
		21FEA99B246C31D800FA2BB5 /* Project object */ = {
			isa = PBXProject;
			attributes = {
				LastSwiftUpdateCheck = 1010;
				LastUpgradeCheck = 1010;
				ORGANIZATIONNAME = "Yasin Shamrat";
				TargetAttributes = {
					21FEA9A2246C31D800FA2BB5 = {
						CreatedOnToolsVersion = 10.1;
					};
				};
			};
			buildConfigurationList = 21FEA99E246C31D800FA2BB5 /* Build configuration list for PBXProject "Coronavirus Tracking" */;
			compatibilityVersion = "Xcode 9.3";
			developmentRegion = en;
			hasScannedForEncodings = 0;
			knownRegions = (
				en,
				Base,
			);
			mainGroup = 21FEA99A246C31D800FA2BB5;
			productRefGroup = 21FEA9A4246C31D800FA2BB5 /* Products */;
			projectDirPath = "";
			projectRoot = "";
			targets = (
				21FEA9A2246C31D800FA2BB5 /* Coronavirus Tracking */,
			);
		};
/* End PBXProject section */

/* Begin PBXResourcesBuildPhase section */
		21FEA9A1246C31D800FA2BB5 /* Resources */ = {
			isa = PBXResourcesBuildPhase;
			buildActionMask = 2147483647;
			files = (
				21FEA9B1246C31DA00FA2BB5 /* LaunchScreen.storyboard in Resources */,
				21FEA9AE246C31DA00FA2BB5 /* Assets.xcassets in Resources */,
				21FEA9AC246C31D800FA2BB5 /* Main.storyboard in Resources */,
			);
			runOnlyForDeploymentPostprocessing = 0;
		};
/* End PBXResourcesBuildPhase section */

/* Begin PBXShellScriptBuildPhase section */
		6365009B9C4A31DF61F572CD /* [CP] Embed Pods Frameworks */ = {
			isa = PBXShellScriptBuildPhase;
			buildActionMask = 2147483647;
			files = (
			);
			inputFileListPaths = (
				"${PODS_ROOT}/Target Support Files/Pods-Coronavirus Tracking/Pods-Coronavirus Tracking-frameworks-${CONFIGURATION}-input-files.xcfilelist",
			);
			name = "[CP] Embed Pods Frameworks";
			outputFileListPaths = (
				"${PODS_ROOT}/Target Support Files/Pods-Coronavirus Tracking/Pods-Coronavirus Tracking-frameworks-${CONFIGURATION}-output-files.xcfilelist",
			);
			runOnlyForDeploymentPostprocessing = 0;
			shellPath = /bin/sh;
			shellScript = "\"${PODS_ROOT}/Target Support Files/Pods-Coronavirus Tracking/Pods-Coronavirus Tracking-frameworks.sh\"\n";
			showEnvVarsInLog = 0;
		};
		EF1983A469A2D2F4BD65F8C6 /* [CP] Check Pods Manifest.lock */ = {
			isa = PBXShellScriptBuildPhase;
			buildActionMask = 2147483647;
			files = (
			);
			inputFileListPaths = (
			);
			inputPaths = (
				"${PODS_PODFILE_DIR_PATH}/Podfile.lock",
				"${PODS_ROOT}/Manifest.lock",
			);
			name = "[CP] Check Pods Manifest.lock";
			outputFileListPaths = (
			);
			outputPaths = (
				"$(DERIVED_FILE_DIR)/Pods-Coronavirus Tracking-checkManifestLockResult.txt",
			);
			runOnlyForDeploymentPostprocessing = 0;
			shellPath = /bin/sh;
			shellScript = "diff \"${PODS_PODFILE_DIR_PATH}/Podfile.lock\" \"${PODS_ROOT}/Manifest.lock\" > /dev/null\nif [ $? != 0 ] ; then\n    # print error to STDERR\n    echo \"error: The sandbox is not in sync with the Podfile.lock. Run 'pod install' or update your CocoaPods installation.\" >&2\n    exit 1\nfi\n# This output is used by Xcode 'outputs' to avoid re-running this script phase.\necho \"SUCCESS\" > \"${SCRIPT_OUTPUT_FILE_0}\"\n";
			showEnvVarsInLog = 0;
		};
/* End PBXShellScriptBuildPhase section */

/* Begin PBXSourcesBuildPhase section */
		21FEA99F246C31D800FA2BB5 /* Sources */ = {
			isa = PBXSourcesBuildPhase;
			buildActionMask = 2147483647;
			files = (
				216C3AC2246C47A7006BC014 /* LiveReportsViewController.swift in Sources */,
				2158CAAE2476E35000351455 /* Data.swift in Sources */,
				2158CAAC2476DCE900351455 /* CustomUIView.swift in Sources */,
				21FEA9A9246C31D800FA2BB5 /* ViewController.swift in Sources */,
				21FEA9A7246C31D800FA2BB5 /* AppDelegate.swift in Sources */,
				21B31F6B246EF65E00F03075 /* LiveReportsTableViewCell.swift in Sources */,
			);
			runOnlyForDeploymentPostprocessing = 0;
		};
/* End PBXSourcesBuildPhase section */

/* Begin PBXVariantGroup section */
		21FEA9AA246C31D800FA2BB5 /* Main.storyboard */ = {
			isa = PBXVariantGroup;
			children = (
				21FEA9AB246C31D800FA2BB5 /* Base */,
			);
			name = Main.storyboard;
			sourceTree = "<group>";
		};
		21FEA9AF246C31DA00FA2BB5 /* LaunchScreen.storyboard */ = {
			isa = PBXVariantGroup;
			children = (
				21FEA9B0246C31DA00FA2BB5 /* Base */,
			);
			name = LaunchScreen.storyboard;
			sourceTree = "<group>";
		};
/* End PBXVariantGroup section */

/* Begin XCBuildConfiguration section */
		21FEA9B3246C31DA00FA2BB5 /* Debug */ = {
			isa = XCBuildConfiguration;
			buildSettings = {
				ALWAYS_SEARCH_USER_PATHS = NO;
				CLANG_ANALYZER_NONNULL = YES;
				CLANG_ANALYZER_NUMBER_OBJECT_CONVERSION = YES_AGGRESSIVE;
				CLANG_CXX_LANGUAGE_STANDARD = "gnu++14";
				CLANG_CXX_LIBRARY = "libc++";
				CLANG_ENABLE_MODULES = YES;
				CLANG_ENABLE_OBJC_ARC = YES;
				CLANG_ENABLE_OBJC_WEAK = YES;
				CLANG_WARN_BLOCK_CAPTURE_AUTORELEASING = YES;
				CLANG_WARN_BOOL_CONVERSION = YES;
				CLANG_WARN_COMMA = YES;
				CLANG_WARN_CONSTANT_CONVERSION = YES;
				CLANG_WARN_DEPRECATED_OBJC_IMPLEMENTATIONS = YES;
				CLANG_WARN_DIRECT_OBJC_ISA_USAGE = YES_ERROR;
				CLANG_WARN_DOCUMENTATION_COMMENTS = YES;
				CLANG_WARN_EMPTY_BODY = YES;
				CLANG_WARN_ENUM_CONVERSION = YES;
				CLANG_WARN_INFINITE_RECURSION = YES;
				CLANG_WARN_INT_CONVERSION = YES;
				CLANG_WARN_NON_LITERAL_NULL_CONVERSION = YES;
				CLANG_WARN_OBJC_IMPLICIT_RETAIN_SELF = YES;
				CLANG_WARN_OBJC_LITERAL_CONVERSION = YES;
				CLANG_WARN_OBJC_ROOT_CLASS = YES_ERROR;
				CLANG_WARN_RANGE_LOOP_ANALYSIS = YES;
				CLANG_WARN_STRICT_PROTOTYPES = YES;
				CLANG_WARN_SUSPICIOUS_MOVE = YES;
				CLANG_WARN_UNGUARDED_AVAILABILITY = YES_AGGRESSIVE;
				CLANG_WARN_UNREACHABLE_CODE = YES;
				CLANG_WARN__DUPLICATE_METHOD_MATCH = YES;
				CODE_SIGN_IDENTITY = "iPhone Developer";
				COPY_PHASE_STRIP = NO;
				DEBUG_INFORMATION_FORMAT = dwarf;
				ENABLE_STRICT_OBJC_MSGSEND = YES;
				ENABLE_TESTABILITY = YES;
				GCC_C_LANGUAGE_STANDARD = gnu11;
				GCC_DYNAMIC_NO_PIC = NO;
				GCC_NO_COMMON_BLOCKS = YES;
				GCC_OPTIMIZATION_LEVEL = 0;
				GCC_PREPROCESSOR_DEFINITIONS = (
					"DEBUG=1",
					"$(inherited)",
				);
				GCC_WARN_64_TO_32_BIT_CONVERSION = YES;
				GCC_WARN_ABOUT_RETURN_TYPE = YES_ERROR;
				GCC_WARN_UNDECLARED_SELECTOR = YES;
				GCC_WARN_UNINITIALIZED_AUTOS = YES_AGGRESSIVE;
				GCC_WARN_UNUSED_FUNCTION = YES;
				GCC_WARN_UNUSED_VARIABLE = YES;
				IPHONEOS_DEPLOYMENT_TARGET = 12.1;
				MTL_ENABLE_DEBUG_INFO = INCLUDE_SOURCE;
				MTL_FAST_MATH = YES;
				ONLY_ACTIVE_ARCH = YES;
				SDKROOT = iphoneos;
				SWIFT_ACTIVE_COMPILATION_CONDITIONS = DEBUG;
				SWIFT_OPTIMIZATION_LEVEL = "-Onone";
			};
			name = Debug;
		};
		21FEA9B4246C31DA00FA2BB5 /* Release */ = {
			isa = XCBuildConfiguration;
			buildSettings = {
				ALWAYS_SEARCH_USER_PATHS = NO;
				CLANG_ANALYZER_NONNULL = YES;
				CLANG_ANALYZER_NUMBER_OBJECT_CONVERSION = YES_AGGRESSIVE;
				CLANG_CXX_LANGUAGE_STANDARD = "gnu++14";
				CLANG_CXX_LIBRARY = "libc++";
				CLANG_ENABLE_MODULES = YES;
				CLANG_ENABLE_OBJC_ARC = YES;
				CLANG_ENABLE_OBJC_WEAK = YES;
				CLANG_WARN_BLOCK_CAPTURE_AUTORELEASING = YES;
				CLANG_WARN_BOOL_CONVERSION = YES;
				CLANG_WARN_COMMA = YES;
				CLANG_WARN_CONSTANT_CONVERSION = YES;
				CLANG_WARN_DEPRECATED_OBJC_IMPLEMENTATIONS = YES;
				CLANG_WARN_DIRECT_OBJC_ISA_USAGE = YES_ERROR;
				CLANG_WARN_DOCUMENTATION_COMMENTS = YES;
				CLANG_WARN_EMPTY_BODY = YES;
				CLANG_WARN_ENUM_CONVERSION = YES;
				CLANG_WARN_INFINITE_RECURSION = YES;
				CLANG_WARN_INT_CONVERSION = YES;
				CLANG_WARN_NON_LITERAL_NULL_CONVERSION = YES;
				CLANG_WARN_OBJC_IMPLICIT_RETAIN_SELF = YES;
				CLANG_WARN_OBJC_LITERAL_CONVERSION = YES;
				CLANG_WARN_OBJC_ROOT_CLASS = YES_ERROR;
				CLANG_WARN_RANGE_LOOP_ANALYSIS = YES;
				CLANG_WARN_STRICT_PROTOTYPES = YES;
				CLANG_WARN_SUSPICIOUS_MOVE = YES;
				CLANG_WARN_UNGUARDED_AVAILABILITY = YES_AGGRESSIVE;
				CLANG_WARN_UNREACHABLE_CODE = YES;
				CLANG_WARN__DUPLICATE_METHOD_MATCH = YES;
				CODE_SIGN_IDENTITY = "iPhone Developer";
				COPY_PHASE_STRIP = NO;
				DEBUG_INFORMATION_FORMAT = "dwarf-with-dsym";
				ENABLE_NS_ASSERTIONS = NO;
				ENABLE_STRICT_OBJC_MSGSEND = YES;
				GCC_C_LANGUAGE_STANDARD = gnu11;
				GCC_NO_COMMON_BLOCKS = YES;
				GCC_WARN_64_TO_32_BIT_CONVERSION = YES;
				GCC_WARN_ABOUT_RETURN_TYPE = YES_ERROR;
				GCC_WARN_UNDECLARED_SELECTOR = YES;
				GCC_WARN_UNINITIALIZED_AUTOS = YES_AGGRESSIVE;
				GCC_WARN_UNUSED_FUNCTION = YES;
				GCC_WARN_UNUSED_VARIABLE = YES;
				IPHONEOS_DEPLOYMENT_TARGET = 12.1;
				MTL_ENABLE_DEBUG_INFO = NO;
				MTL_FAST_MATH = YES;
				SDKROOT = iphoneos;
				SWIFT_COMPILATION_MODE = wholemodule;
				SWIFT_OPTIMIZATION_LEVEL = "-O";
				VALIDATE_PRODUCT = YES;
			};
			name = Release;
		};
		21FEA9B6246C31DA00FA2BB5 /* Debug */ = {
			isa = XCBuildConfiguration;
			baseConfigurationReference = 6F492992C6DFC0B210D226B1 /* Pods-Coronavirus Tracking.debug.xcconfig */;
			buildSettings = {
				ASSETCATALOG_COMPILER_APPICON_NAME = AppIcon;
				CODE_SIGN_STYLE = Automatic;
				DEVELOPMENT_TEAM = 98AMKL55GF;
				INFOPLIST_FILE = "Coronavirus Tracking/Info.plist";
				LD_RUNPATH_SEARCH_PATHS = (
					"$(inherited)",
					"@executable_path/Frameworks",
				);
				PRODUCT_BUNDLE_IDENTIFIER = "com.shamrat.Coronavirus-Tracking";
				PRODUCT_NAME = "$(TARGET_NAME)";
				SWIFT_VERSION = 4.2;
				TARGETED_DEVICE_FAMILY = "1,2";
			};
			name = Debug;
		};
		21FEA9B7246C31DA00FA2BB5 /* Release */ = {
			isa = XCBuildConfiguration;
			baseConfigurationReference = BDF426AA1DCFAA4DFFBDD99D /* Pods-Coronavirus Tracking.release.xcconfig */;
			buildSettings = {
				ASSETCATALOG_COMPILER_APPICON_NAME = AppIcon;
				CODE_SIGN_STYLE = Automatic;
				DEVELOPMENT_TEAM = 98AMKL55GF;
				INFOPLIST_FILE = "Coronavirus Tracking/Info.plist";
				LD_RUNPATH_SEARCH_PATHS = (
					"$(inherited)",
					"@executable_path/Frameworks",
				);
				PRODUCT_BUNDLE_IDENTIFIER = "com.shamrat.Coronavirus-Tracking";
				PRODUCT_NAME = "$(TARGET_NAME)";
				SWIFT_VERSION = 4.2;
				TARGETED_DEVICE_FAMILY = "1,2";
			};
			name = Release;
		};
/* End XCBuildConfiguration section */

/* Begin XCConfigurationList section */
		21FEA99E246C31D800FA2BB5 /* Build configuration list for PBXProject "Coronavirus Tracking" */ = {
			isa = XCConfigurationList;
			buildConfigurations = (
				21FEA9B3246C31DA00FA2BB5 /* Debug */,
				21FEA9B4246C31DA00FA2BB5 /* Release */,
			);
			defaultConfigurationIsVisible = 0;
			defaultConfigurationName = Release;
		};
		21FEA9B5246C31DA00FA2BB5 /* Build configuration list for PBXNativeTarget "Coronavirus Tracking" */ = {
			isa = XCConfigurationList;
			buildConfigurations = (
				21FEA9B6246C31DA00FA2BB5 /* Debug */,
				21FEA9B7246C31DA00FA2BB5 /* Release */,
			);
			defaultConfigurationIsVisible = 0;
			defaultConfigurationName = Release;
		};
/* End XCConfigurationList section */
	};
	rootObject = 21FEA99B246C31D800FA2BB5 /* Project object */;
}
